
Microsoft Visual Studio Solution File, Format Version 12.00
# Visual Studio 2012
Project("{FAE04EC0-301F-11D3-BF4B-00C04F79EFBC}") = "BlingPointDeployment", "BlingPointDeployment\BlingPointDeployment.csproj", "{2C801B6E-0795-4F71-B978-9001C73DC400}"
EndProject
Project("{FAE04EC0-301F-11D3-BF4B-00C04F79EFBC}") = "SharePointOnline.Helper", "SharePointOnline.Helper\SharePointOnline.Helper.csproj", "{F15C64A9-719C-4C4A-9D0E-2ADC6D2BCB34}"
EndProject
Global
	GlobalSection(SolutionConfigurationPlatforms) = preSolution
		Debug|Any CPU = Debug|Any CPU
		Release|Any CPU = Release|Any CPU
	EndGlobalSection
	GlobalSection(ProjectConfigurationPlatforms) = postSolution
		{2C801B6E-0795-4F71-B978-9001C73DC400}.Debug|Any CPU.ActiveCfg = Debug|Any CPU
		{2C801B6E-0795-4F71-B978-9001C73DC400}.Debug|Any CPU.Build.0 = Debug|Any CPU
		{2C801B6E-0795-4F71-B978-9001C73DC400}.Release|Any CPU.ActiveCfg = Release|Any CPU
		{2C801B6E-0795-4F71-B978-9001C73DC400}.Release|Any CPU.Build.0 = Release|Any CPU
		{F15C64A9-719C-4C4A-9D0E-2ADC6D2BCB34}.Debug|Any CPU.ActiveCfg = Debug|Any CPU
		{F15C64A9-719C-4C4A-9D0E-2ADC6D2BCB34}.Debug|Any CPU.Build.0 = Debug|Any CPU
		{F15C64A9-719C-4C4A-9D0E-2ADC6D2BCB34}.Release|Any CPU.ActiveCfg = Release|Any CPU
		{F15C64A9-719C-4C4A-9D0E-2ADC6D2BCB34}.Release|Any CPU.Build.0 = Release|Any CPU
	EndGlobalSection
	GlobalSection(SolutionProperties) = preSolution
		HideSolutionNode = FALSE
	EndGlobalSection
EndGlobal
